
Microsoft Visual Studio Solution File, Format Version 12.00
# Visual Studio 15
VisualStudioVersion = 15.0.27703.2026
MinimumVisualStudioVersion = 10.0.40219.1
Project("{FAE04EC0-301F-11D3-BF4B-00C04F79EFBC}") = "Boodbot", "Boodbot\Boodbot.csproj", "{D95103AF-F419-43AF-95FF-CF7DC8CE4801}"
EndProject
Global
	GlobalSection(SolutionConfigurationPlatforms) = preSolution
		Debug|Any CPU = Debug|Any CPU
		Release|Any CPU = Release|Any CPU
	EndGlobalSection
	GlobalSection(ProjectConfigurationPlatforms) = postSolution
		{D95103AF-F419-43AF-95FF-CF7DC8CE4801}.Debug|Any CPU.ActiveCfg = Debug|Any CPU
		{D95103AF-F419-43AF-95FF-CF7DC8CE4801}.Debug|Any CPU.Build.0 = Debug|Any CPU
		{D95103AF-F419-43AF-95FF-CF7DC8CE4801}.Release|Any CPU.ActiveCfg = Release|Any CPU
		{D95103AF-F419-43AF-95FF-CF7DC8CE4801}.Release|Any CPU.Build.0 = Release|Any CPU
	EndGlobalSection
	GlobalSection(SolutionProperties) = preSolution
		HideSolutionNode = FALSE
	EndGlobalSection
	GlobalSection(ExtensibilityGlobals) = postSolution
		SolutionGuid = {637EC7FF-0FAE-4E18-BA56-DE9750479BD4}
	EndGlobalSection
EndGlobal
